
Microsoft Visual Studio Solution File, Format Version 12.00
# Visual Studio Version 17
VisualStudioVersion = 17.3.32901.215
MinimumVisualStudioVersion = 10.0.40219.1
Project("{8BC9CEB8-8B4A-11D0-8D11-00A0C91BC942}") = "problemTwentyTwo_repeatedElementAndCountInArray", "problemTwentyTwo_repeatedElementAndCountInArray\problemTwentyTwo_repeatedElementAndCountInArray.vcxproj", "{31B9A7E8-4B5A-4C65-8BAA-A6C129752CAC}"
EndProject
Global
	GlobalSection(SolutionConfigurationPlatforms) = preSolution
		Debug|x64 = Debug|x64
		Debug|x86 = Debug|x86
		Release|x64 = Release|x64
		Release|x86 = Release|x86
	EndGlobalSection
	GlobalSection(ProjectConfigurationPlatforms) = postSolution
		{31B9A7E8-4B5A-4C65-8BAA-A6C129752CAC}.Debug|x64.ActiveCfg = Debug|x64
		{31B9A7E8-4B5A-4C65-8BAA-A6C129752CAC}.Debug|x64.Build.0 = Debug|x64
		{31B9A7E8-4B5A-4C65-8BAA-A6C129752CAC}.Debug|x86.ActiveCfg = Debug|Win32
		{31B9A7E8-4B5A-4C65-8BAA-A6C129752CAC}.Debug|x86.Build.0 = Debug|Win32
		{31B9A7E8-4B5A-4C65-8BAA-A6C129752CAC}.Release|x64.ActiveCfg = Release|x64
		{31B9A7E8-4B5A-4C65-8BAA-A6C129752CAC}.Release|x64.Build.0 = Release|x64
		{31B9A7E8-4B5A-4C65-8BAA-A6C129752CAC}.Release|x86.ActiveCfg = Release|Win32
		{31B9A7E8-4B5A-4C65-8BAA-A6C129752CAC}.Release|x86.Build.0 = Release|Win32
	EndGlobalSection
	GlobalSection(SolutionProperties) = preSolution
		HideSolutionNode = FALSE
	EndGlobalSection
	GlobalSection(ExtensibilityGlobals) = postSolution
		SolutionGuid = {CCBE8FF2-2C1F-4B37-915A-5F7F95770778}
	EndGlobalSection
EndGlobal
