
Microsoft Visual Studio Solution File, Format Version 12.00
# Visual Studio Version 17
VisualStudioVersion = 17.3.32901.215
MinimumVisualStudioVersion = 10.0.40219.1
Project("{8BC9CEB8-8B4A-11D0-8D11-00A0C91BC942}") = "problem44_countPositiveNumbersinArray", "problem44_countPositiveNumbersinArray\problem44_countPositiveNumbersinArray.vcxproj", "{F14EA7CC-4CDC-4DF9-96EE-8336E578223E}"
EndProject
Global
	GlobalSection(SolutionConfigurationPlatforms) = preSolution
		Debug|x64 = Debug|x64
		Debug|x86 = Debug|x86
		Release|x64 = Release|x64
		Release|x86 = Release|x86
	EndGlobalSection
	GlobalSection(ProjectConfigurationPlatforms) = postSolution
		{F14EA7CC-4CDC-4DF9-96EE-8336E578223E}.Debug|x64.ActiveCfg = Debug|x64
		{F14EA7CC-4CDC-4DF9-96EE-8336E578223E}.Debug|x64.Build.0 = Debug|x64
		{F14EA7CC-4CDC-4DF9-96EE-8336E578223E}.Debug|x86.ActiveCfg = Debug|Win32
		{F14EA7CC-4CDC-4DF9-96EE-8336E578223E}.Debug|x86.Build.0 = Debug|Win32
		{F14EA7CC-4CDC-4DF9-96EE-8336E578223E}.Release|x64.ActiveCfg = Release|x64
		{F14EA7CC-4CDC-4DF9-96EE-8336E578223E}.Release|x64.Build.0 = Release|x64
		{F14EA7CC-4CDC-4DF9-96EE-8336E578223E}.Release|x86.ActiveCfg = Release|Win32
		{F14EA7CC-4CDC-4DF9-96EE-8336E578223E}.Release|x86.Build.0 = Release|Win32
	EndGlobalSection
	GlobalSection(SolutionProperties) = preSolution
		HideSolutionNode = FALSE
	EndGlobalSection
	GlobalSection(ExtensibilityGlobals) = postSolution
		SolutionGuid = {4DF5FAFB-B79B-4948-A2EE-9035B23DDCB5}
	EndGlobalSection
EndGlobal
