
Microsoft Visual Studio Solution File, Format Version 12.00
# Visual Studio Version 17
VisualStudioVersion = 17.3.32901.215
MinimumVisualStudioVersion = 10.0.40219.1
Project("{8BC9CEB8-8B4A-11D0-8D11-00A0C91BC942}") = "problem45_countNigativeNumbers", "problem45_countNigativeNumbers\problem45_countNigativeNumbers.vcxproj", "{DA389ED0-07A0-4334-A880-F2E0B8D8D302}"
EndProject
Global
	GlobalSection(SolutionConfigurationPlatforms) = preSolution
		Debug|x64 = Debug|x64
		Debug|x86 = Debug|x86
		Release|x64 = Release|x64
		Release|x86 = Release|x86
	EndGlobalSection
	GlobalSection(ProjectConfigurationPlatforms) = postSolution
		{DA389ED0-07A0-4334-A880-F2E0B8D8D302}.Debug|x64.ActiveCfg = Debug|x64
		{DA389ED0-07A0-4334-A880-F2E0B8D8D302}.Debug|x64.Build.0 = Debug|x64
		{DA389ED0-07A0-4334-A880-F2E0B8D8D302}.Debug|x86.ActiveCfg = Debug|Win32
		{DA389ED0-07A0-4334-A880-F2E0B8D8D302}.Debug|x86.Build.0 = Debug|Win32
		{DA389ED0-07A0-4334-A880-F2E0B8D8D302}.Release|x64.ActiveCfg = Release|x64
		{DA389ED0-07A0-4334-A880-F2E0B8D8D302}.Release|x64.Build.0 = Release|x64
		{DA389ED0-07A0-4334-A880-F2E0B8D8D302}.Release|x86.ActiveCfg = Release|Win32
		{DA389ED0-07A0-4334-A880-F2E0B8D8D302}.Release|x86.Build.0 = Release|Win32
	EndGlobalSection
	GlobalSection(SolutionProperties) = preSolution
		HideSolutionNode = FALSE
	EndGlobalSection
	GlobalSection(ExtensibilityGlobals) = postSolution
		SolutionGuid = {D539EBC1-EEA2-42AE-A2B3-2619358FBC23}
	EndGlobalSection
EndGlobal
